{
    "_readme": [
        "This file locks the dependencies of your project to a known state",
        "Read more about it at http://getcomposer.org/doc/01-basic-usage.md#composer-lock-the-lock-file",
        "This file is @generated automatically"
    ],
    "hash": "d9968ec8ade97116c950b140c974ca5c",
    "packages": [
        {
            "name": "tonci/simple-orm",
            "version": "dev-master",
            "source": {
                "type": "git",
                "url": "https://github.com/tonci/Simple-PHP-ORM.git",
                "reference": "421f80afee1695e18c3b79966406af3eede23f08"
            },
            "dist": {
                "type": "zip",
                "url": "https://api.github.com/repos/tonci/Simple-PHP-ORM/zipball/421f80afee1695e18c3b79966406af3eede23f08",
                "reference": "421f80afee1695e18c3b79966406af3eede23f08",
                "shasum": ""
            },
            "require": {
                "php": ">=5.4.0"
            },
            "type": "library",
            "autoload": {
                "psr-0": {
                    "SimpleORM": "src"
                }
            },
            "notification-url": "https://packagist.org/downloads/",
            "description": "Simple ORM for PHP 5.4",
            "homepage": "https://github.com/tonci/Simple-PHP-ORM",
            "time": "2015-04-22 15:48:31"
        }
    ],
    "packages-dev": [],
    "aliases": [],
    "minimum-stability": "stable",
    "stability-flags": {
        "tonci/simple-orm": 20
    },
    "prefer-stable": false,
    "prefer-lowest": false,
    "platform": [],
    "platform-dev": []
}
